// !$*UTF8*$!
{
	archiveVersion = 1;
	classes = {
	};
	objectVersion = 55;
	objects = {

/* Begin PBXBuildFile section */
		B3313A40285B9FD5002504DE /* GroupTableViewController.swift in Sources */ = {isa = PBXBuildFile; fileRef = B3313A3F285B9FD5002504DE /* GroupTableViewController.swift */; };
		B3313A42285BA08B002504DE /* GlobalGroupTableViewController.swift in Sources */ = {isa = PBXBuildFile; fileRef = B3313A41285BA08B002504DE /* GlobalGroupTableViewController.swift */; };
		B3B457B4286B459200A3D220 /* AvaterImageView.swift in Sources */ = {isa = PBXBuildFile; fileRef = B3B457B3286B459200A3D220 /* AvaterImageView.swift */; };
		B3B457B6286B494B00A3D220 /* LikeControl.swift in Sources */ = {isa = PBXBuildFile; fileRef = B3B457B5286B494B00A3D220 /* LikeControl.swift */; };
		B3C0BC2828660A2A008FF0AD /* Friend.swift in Sources */ = {isa = PBXBuildFile; fileRef = B3C0BC2728660A2A008FF0AD /* Friend.swift */; };
		B3C0BC2A2866179C008FF0AD /* Group.swift in Sources */ = {isa = PBXBuildFile; fileRef = B3C0BC292866179B008FF0AD /* Group.swift */; };
		B3C0BC2C28661C73008FF0AD /* GroupTableViewCell.swift in Sources */ = {isa = PBXBuildFile; fileRef = B3C0BC2B28661C73008FF0AD /* GroupTableViewCell.swift */; };
		B3C0BC2E28661E86008FF0AD /* GlobalGroupsTableViewCell.swift in Sources */ = {isa = PBXBuildFile; fileRef = B3C0BC2D28661E86008FF0AD /* GlobalGroupsTableViewCell.swift */; };
		B3C0BC3028662ED2008FF0AD /* Photo.swift in Sources */ = {isa = PBXBuildFile; fileRef = B3C0BC2F28662ED2008FF0AD /* Photo.swift */; };
		B3C0BC36286633F5008FF0AD /* PhotoViewCell.swift in Sources */ = {isa = PBXBuildFile; fileRef = B3C0BC35286633F5008FF0AD /* PhotoViewCell.swift */; };
		B3C3A76C2863864E008FC852 /* FriendTableViewCell.swift in Sources */ = {isa = PBXBuildFile; fileRef = B3C3A76B2863864E008FC852 /* FriendTableViewCell.swift */; };
		B3C3A76E286386E3008FC852 /* FriendPhotos.swift in Sources */ = {isa = PBXBuildFile; fileRef = B3C3A76D286386E3008FC852 /* FriendPhotos.swift */; };
		B3C5F97B28490728003BC10F /* LoginViewController.swift in Sources */ = {isa = PBXBuildFile; fileRef = B3C5F97A28490728003BC10F /* LoginViewController.swift */; };
		B3C5F97D284908AC003BC10F /* UIViewController+extension.swift in Sources */ = {isa = PBXBuildFile; fileRef = B3C5F97C284908AC003BC10F /* UIViewController+extension.swift */; };
		B3C5F98528491D98003BC10F /* FriendsTableViewController.swift in Sources */ = {isa = PBXBuildFile; fileRef = B3C5F98428491D98003BC10F /* FriendsTableViewController.swift */; };
		B3E9C04F283E7DE800B41805 /* AppDelegate.swift in Sources */ = {isa = PBXBuildFile; fileRef = B3E9C04E283E7DE800B41805 /* AppDelegate.swift */; };
		B3E9C051283E7DE800B41805 /* SceneDelegate.swift in Sources */ = {isa = PBXBuildFile; fileRef = B3E9C050283E7DE800B41805 /* SceneDelegate.swift */; };
		B3E9C053283E7DE800B41805 /* ViewController.swift in Sources */ = {isa = PBXBuildFile; fileRef = B3E9C052283E7DE800B41805 /* ViewController.swift */; };
		B3E9C056283E7DE800B41805 /* Main.storyboard in Resources */ = {isa = PBXBuildFile; fileRef = B3E9C054283E7DE800B41805 /* Main.storyboard */; };
		B3E9C058283E7DEB00B41805 /* Assets.xcassets in Resources */ = {isa = PBXBuildFile; fileRef = B3E9C057283E7DEB00B41805 /* Assets.xcassets */; };
		B3E9C05B283E7DEB00B41805 /* LaunchScreen.storyboard in Resources */ = {isa = PBXBuildFile; fileRef = B3E9C059283E7DEB00B41805 /* LaunchScreen.storyboard */; };
/* End PBXBuildFile section */

/* Begin PBXFileReference section */
		B3313A3F285B9FD5002504DE /* GroupTableViewController.swift */ = {isa = PBXFileReference; lastKnownFileType = sourcecode.swift; path = GroupTableViewController.swift; sourceTree = "<group>"; };
		B3313A41285BA08B002504DE /* GlobalGroupTableViewController.swift */ = {isa = PBXFileReference; lastKnownFileType = sourcecode.swift; path = GlobalGroupTableViewController.swift; sourceTree = "<group>"; };
		B3B457B3286B459200A3D220 /* AvaterImageView.swift */ = {isa = PBXFileReference; lastKnownFileType = sourcecode.swift; path = AvaterImageView.swift; sourceTree = "<group>"; };
		B3B457B5286B494B00A3D220 /* LikeControl.swift */ = {isa = PBXFileReference; lastKnownFileType = sourcecode.swift; path = LikeControl.swift; sourceTree = "<group>"; };
		B3C0BC2728660A2A008FF0AD /* Friend.swift */ = {isa = PBXFileReference; lastKnownFileType = sourcecode.swift; path = Friend.swift; sourceTree = "<group>"; };
		B3C0BC292866179B008FF0AD /* Group.swift */ = {isa = PBXFileReference; lastKnownFileType = sourcecode.swift; path = Group.swift; sourceTree = "<group>"; };
		B3C0BC2B28661C73008FF0AD /* GroupTableViewCell.swift */ = {isa = PBXFileReference; lastKnownFileType = sourcecode.swift; path = GroupTableViewCell.swift; sourceTree = "<group>"; };
		B3C0BC2D28661E86008FF0AD /* GlobalGroupsTableViewCell.swift */ = {isa = PBXFileReference; lastKnownFileType = sourcecode.swift; path = GlobalGroupsTableViewCell.swift; sourceTree = "<group>"; };
		B3C0BC2F28662ED2008FF0AD /* Photo.swift */ = {isa = PBXFileReference; lastKnownFileType = sourcecode.swift; path = Photo.swift; sourceTree = "<group>"; };
		B3C0BC35286633F5008FF0AD /* PhotoViewCell.swift */ = {isa = PBXFileReference; lastKnownFileType = sourcecode.swift; path = PhotoViewCell.swift; sourceTree = "<group>"; };
		B3C3A76B2863864E008FC852 /* FriendTableViewCell.swift */ = {isa = PBXFileReference; lastKnownFileType = sourcecode.swift; path = FriendTableViewCell.swift; sourceTree = "<group>"; };
		B3C3A76D286386E3008FC852 /* FriendPhotos.swift */ = {isa = PBXFileReference; lastKnownFileType = sourcecode.swift; path = FriendPhotos.swift; sourceTree = "<group>"; };
		B3C5F97A28490728003BC10F /* LoginViewController.swift */ = {isa = PBXFileReference; lastKnownFileType = sourcecode.swift; path = LoginViewController.swift; sourceTree = "<group>"; };
		B3C5F97C284908AC003BC10F /* UIViewController+extension.swift */ = {isa = PBXFileReference; lastKnownFileType = sourcecode.swift; path = "UIViewController+extension.swift"; sourceTree = "<group>"; };
		B3C5F98428491D98003BC10F /* FriendsTableViewController.swift */ = {isa = PBXFileReference; lastKnownFileType = sourcecode.swift; path = FriendsTableViewController.swift; sourceTree = "<group>"; };
		B3E9C04B283E7DE800B41805 /* My_App.app */ = {isa = PBXFileReference; explicitFileType = wrapper.application; includeInIndex = 0; path = My_App.app; sourceTree = BUILT_PRODUCTS_DIR; };
		B3E9C04E283E7DE800B41805 /* AppDelegate.swift */ = {isa = PBXFileReference; lastKnownFileType = sourcecode.swift; path = AppDelegate.swift; sourceTree = "<group>"; };
		B3E9C050283E7DE800B41805 /* SceneDelegate.swift */ = {isa = PBXFileReference; lastKnownFileType = sourcecode.swift; path = SceneDelegate.swift; sourceTree = "<group>"; };
		B3E9C052283E7DE800B41805 /* ViewController.swift */ = {isa = PBXFileReference; lastKnownFileType = sourcecode.swift; path = ViewController.swift; sourceTree = "<group>"; };
		B3E9C055283E7DE800B41805 /* Base */ = {isa = PBXFileReference; lastKnownFileType = file.storyboard; name = Base; path = Base.lproj/Main.storyboard; sourceTree = "<group>"; };
		B3E9C057283E7DEB00B41805 /* Assets.xcassets */ = {isa = PBXFileReference; lastKnownFileType = folder.assetcatalog; path = Assets.xcassets; sourceTree = "<group>"; };
		B3E9C05A283E7DEB00B41805 /* Base */ = {isa = PBXFileReference; lastKnownFileType = file.storyboard; name = Base; path = Base.lproj/LaunchScreen.storyboard; sourceTree = "<group>"; };
		B3E9C05C283E7DEB00B41805 /* Info.plist */ = {isa = PBXFileReference; lastKnownFileType = text.plist.xml; path = Info.plist; sourceTree = "<group>"; };
/* End PBXFileReference section */

/* Begin PBXFrameworksBuildPhase section */
		B3E9C048283E7DE800B41805 /* Frameworks */ = {
			isa = PBXFrameworksBuildPhase;
			buildActionMask = 2147483647;
			files = (
			);
			runOnlyForDeploymentPostprocessing = 0;
		};
/* End PBXFrameworksBuildPhase section */

/* Begin PBXGroup section */
		B3C0BC3728663DB6008FF0AD /* Controllers */ = {
			isa = PBXGroup;
			children = (
				B3E9C052283E7DE800B41805 /* ViewController.swift */,
				B3C5F97A28490728003BC10F /* LoginViewController.swift */,
				B3C5F98428491D98003BC10F /* FriendsTableViewController.swift */,
				B3C3A76D286386E3008FC852 /* FriendPhotos.swift */,
				B3313A3F285B9FD5002504DE /* GroupTableViewController.swift */,
				B3313A41285BA08B002504DE /* GlobalGroupTableViewController.swift */,
				B3B457B5286B494B00A3D220 /* LikeControl.swift */,
			);
			path = Controllers;
			sourceTree = "<group>";
		};
		B3C0BC3928663DEB008FF0AD /* View */ = {
			isa = PBXGroup;
			children = (
				B3C3A76B2863864E008FC852 /* FriendTableViewCell.swift */,
				B3C0BC35286633F5008FF0AD /* PhotoViewCell.swift */,
				B3C0BC2B28661C73008FF0AD /* GroupTableViewCell.swift */,
				B3C0BC2D28661E86008FF0AD /* GlobalGroupsTableViewCell.swift */,
				B3B457B3286B459200A3D220 /* AvaterImageView.swift */,
			);
			path = View;
			sourceTree = "<group>";
		};
		B3C0BC3A28663E00008FF0AD /* Model */ = {
			isa = PBXGroup;
			children = (
				B3C0BC2728660A2A008FF0AD /* Friend.swift */,
				B3C0BC292866179B008FF0AD /* Group.swift */,
				B3C0BC2F28662ED2008FF0AD /* Photo.swift */,
			);
			path = Model;
			sourceTree = "<group>";
		};
		B3C0BC3B28663E13008FF0AD /* Extension */ = {
			isa = PBXGroup;
			children = (
				B3C5F97C284908AC003BC10F /* UIViewController+extension.swift */,
			);
			path = Extension;
			sourceTree = "<group>";
		};
		B3C0BC3C28663E25008FF0AD /* Resources */ = {
			isa = PBXGroup;
			children = (
				B3E9C054283E7DE800B41805 /* Main.storyboard */,
				B3E9C057283E7DEB00B41805 /* Assets.xcassets */,
				B3E9C059283E7DEB00B41805 /* LaunchScreen.storyboard */,
			);
			path = Resources;
			sourceTree = "<group>";
		};
		B3E9C042283E7DE800B41805 = {
			isa = PBXGroup;
			children = (
				B3E9C04D283E7DE800B41805 /* My_App */,
				B3E9C04C283E7DE800B41805 /* Products */,
			);
			sourceTree = "<group>";
		};
		B3E9C04C283E7DE800B41805 /* Products */ = {
			isa = PBXGroup;
			children = (
				B3E9C04B283E7DE800B41805 /* My_App.app */,
			);
			name = Products;
			sourceTree = "<group>";
		};
		B3E9C04D283E7DE800B41805 /* My_App */ = {
			isa = PBXGroup;
			children = (
				B3E9C04E283E7DE800B41805 /* AppDelegate.swift */,
				B3E9C050283E7DE800B41805 /* SceneDelegate.swift */,
				B3C0BC3B28663E13008FF0AD /* Extension */,
				B3C0BC3728663DB6008FF0AD /* Controllers */,
				B3C0BC3928663DEB008FF0AD /* View */,
				B3C0BC3A28663E00008FF0AD /* Model */,
				B3C0BC3C28663E25008FF0AD /* Resources */,
				B3E9C05C283E7DEB00B41805 /* Info.plist */,
			);
			path = My_App;
			sourceTree = "<group>";
		};
/* End PBXGroup section */

/* Begin PBXNativeTarget section */
		B3E9C04A283E7DE800B41805 /* My_App */ = {
			isa = PBXNativeTarget;
			buildConfigurationList = B3E9C05F283E7DEB00B41805 /* Build configuration list for PBXNativeTarget "My_App" */;
			buildPhases = (
				B3E9C047283E7DE800B41805 /* Sources */,
				B3E9C048283E7DE800B41805 /* Frameworks */,
				B3E9C049283E7DE800B41805 /* Resources */,
			);
			buildRules = (
			);
			dependencies = (
			);
			name = My_App;
			productName = My_App;
			productReference = B3E9C04B283E7DE800B41805 /* My_App.app */;
			productType = "com.apple.product-type.application";
		};
/* End PBXNativeTarget section */

/* Begin PBXProject section */
		B3E9C043283E7DE800B41805 /* Project object */ = {
			isa = PBXProject;
			attributes = {
				BuildIndependentTargetsInParallel = 1;
				LastSwiftUpdateCheck = 1340;
				LastUpgradeCheck = 1340;
				TargetAttributes = {
					B3E9C04A283E7DE800B41805 = {
						CreatedOnToolsVersion = 13.4;
					};
				};
			};
			buildConfigurationList = B3E9C046283E7DE800B41805 /* Build configuration list for PBXProject "My_App" */;
			compatibilityVersion = "Xcode 13.0";
			developmentRegion = en;
			hasScannedForEncodings = 0;
			knownRegions = (
				en,
				Base,
			);
			mainGroup = B3E9C042283E7DE800B41805;
			productRefGroup = B3E9C04C283E7DE800B41805 /* Products */;
			projectDirPath = "";
			projectRoot = "";
			targets = (
				B3E9C04A283E7DE800B41805 /* My_App */,
			);
		};
/* End PBXProject section */

/* Begin PBXResourcesBuildPhase section */
		B3E9C049283E7DE800B41805 /* Resources */ = {
			isa = PBXResourcesBuildPhase;
			buildActionMask = 2147483647;
			files = (
				B3E9C05B283E7DEB00B41805 /* LaunchScreen.storyboard in Resources */,
				B3E9C058283E7DEB00B41805 /* Assets.xcassets in Resources */,
				B3E9C056283E7DE800B41805 /* Main.storyboard in Resources */,
			);
			runOnlyForDeploymentPostprocessing = 0;
		};
/* End PBXResourcesBuildPhase section */

/* Begin PBXSourcesBuildPhase section */
		B3E9C047283E7DE800B41805 /* Sources */ = {
			isa = PBXSourcesBuildPhase;
			buildActionMask = 2147483647;
			files = (
				B3C0BC3028662ED2008FF0AD /* Photo.swift in Sources */,
				B3C3A76E286386E3008FC852 /* FriendPhotos.swift in Sources */,
				B3C3A76C2863864E008FC852 /* FriendTableViewCell.swift in Sources */,
				B3C0BC36286633F5008FF0AD /* PhotoViewCell.swift in Sources */,
				B3313A40285B9FD5002504DE /* GroupTableViewController.swift in Sources */,
				B3C0BC2A2866179C008FF0AD /* Group.swift in Sources */,
				B3C5F97B28490728003BC10F /* LoginViewController.swift in Sources */,
				B3B457B4286B459200A3D220 /* AvaterImageView.swift in Sources */,
				B3E9C053283E7DE800B41805 /* ViewController.swift in Sources */,
				B3C0BC2C28661C73008FF0AD /* GroupTableViewCell.swift in Sources */,
				B3C5F98528491D98003BC10F /* FriendsTableViewController.swift in Sources */,
				B3C0BC2828660A2A008FF0AD /* Friend.swift in Sources */,
				B3313A42285BA08B002504DE /* GlobalGroupTableViewController.swift in Sources */,
				B3C5F97D284908AC003BC10F /* UIViewController+extension.swift in Sources */,
				B3C0BC2E28661E86008FF0AD /* GlobalGroupsTableViewCell.swift in Sources */,
				B3E9C04F283E7DE800B41805 /* AppDelegate.swift in Sources */,
				B3B457B6286B494B00A3D220 /* LikeControl.swift in Sources */,
				B3E9C051283E7DE800B41805 /* SceneDelegate.swift in Sources */,
			);
			runOnlyForDeploymentPostprocessing = 0;
		};
/* End PBXSourcesBuildPhase section */

/* Begin PBXVariantGroup section */
		B3E9C054283E7DE800B41805 /* Main.storyboard */ = {
			isa = PBXVariantGroup;
			children = (
				B3E9C055283E7DE800B41805 /* Base */,
			);
			name = Main.storyboard;
			sourceTree = "<group>";
		};
		B3E9C059283E7DEB00B41805 /* LaunchScreen.storyboard */ = {
			isa = PBXVariantGroup;
			children = (
				B3E9C05A283E7DEB00B41805 /* Base */,
			);
			name = LaunchScreen.storyboard;
			sourceTree = "<group>";
		};
/* End PBXVariantGroup section */

/* Begin XCBuildConfiguration section */
		B3E9C05D283E7DEB00B41805 /* Debug */ = {
			isa = XCBuildConfiguration;
			buildSettings = {
				ALWAYS_SEARCH_USER_PATHS = NO;
				CLANG_ANALYZER_NONNULL = YES;
				CLANG_ANALYZER_NUMBER_OBJECT_CONVERSION = YES_AGGRESSIVE;
				CLANG_CXX_LANGUAGE_STANDARD = "gnu++17";
				CLANG_ENABLE_MODULES = YES;
				CLANG_ENABLE_OBJC_ARC = YES;
				CLANG_ENABLE_OBJC_WEAK = YES;
				CLANG_WARN_BLOCK_CAPTURE_AUTORELEASING = YES;
				CLANG_WARN_BOOL_CONVERSION = YES;
				CLANG_WARN_COMMA = YES;
				CLANG_WARN_CONSTANT_CONVERSION = YES;
				CLANG_WARN_DEPRECATED_OBJC_IMPLEMENTATIONS = YES;
				CLANG_WARN_DIRECT_OBJC_ISA_USAGE = YES_ERROR;
				CLANG_WARN_DOCUMENTATION_COMMENTS = YES;
				CLANG_WARN_EMPTY_BODY = YES;
				CLANG_WARN_ENUM_CONVERSION = YES;
				CLANG_WARN_INFINITE_RECURSION = YES;
				CLANG_WARN_INT_CONVERSION = YES;
				CLANG_WARN_NON_LITERAL_NULL_CONVERSION = YES;
				CLANG_WARN_OBJC_IMPLICIT_RETAIN_SELF = YES;
				CLANG_WARN_OBJC_LITERAL_CONVERSION = YES;
				CLANG_WARN_OBJC_ROOT_CLASS = YES_ERROR;
				CLANG_WARN_QUOTED_INCLUDE_IN_FRAMEWORK_HEADER = YES;
				CLANG_WARN_RANGE_LOOP_ANALYSIS = YES;
				CLANG_WARN_STRICT_PROTOTYPES = YES;
				CLANG_WARN_SUSPICIOUS_MOVE = YES;
				CLANG_WARN_UNGUARDED_AVAILABILITY = YES_AGGRESSIVE;
				CLANG_WARN_UNREACHABLE_CODE = YES;
				CLANG_WARN__DUPLICATE_METHOD_MATCH = YES;
				COPY_PHASE_STRIP = NO;
				DEBUG_INFORMATION_FORMAT = dwarf;
				ENABLE_STRICT_OBJC_MSGSEND = YES;
				ENABLE_TESTABILITY = YES;
				GCC_C_LANGUAGE_STANDARD = gnu11;
				GCC_DYNAMIC_NO_PIC = NO;
				GCC_NO_COMMON_BLOCKS = YES;
				GCC_OPTIMIZATION_LEVEL = 0;
				GCC_PREPROCESSOR_DEFINITIONS = (
					"DEBUG=1",
					"$(inherited)",
				);
				GCC_WARN_64_TO_32_BIT_CONVERSION = YES;
				GCC_WARN_ABOUT_RETURN_TYPE = YES_ERROR;
				GCC_WARN_UNDECLARED_SELECTOR = YES;
				GCC_WARN_UNINITIALIZED_AUTOS = YES_AGGRESSIVE;
				GCC_WARN_UNUSED_FUNCTION = YES;
				GCC_WARN_UNUSED_VARIABLE = YES;
				IPHONEOS_DEPLOYMENT_TARGET = 15.5;
				MTL_ENABLE_DEBUG_INFO = INCLUDE_SOURCE;
				MTL_FAST_MATH = YES;
				ONLY_ACTIVE_ARCH = YES;
				SDKROOT = iphoneos;
				SWIFT_ACTIVE_COMPILATION_CONDITIONS = DEBUG;
				SWIFT_OPTIMIZATION_LEVEL = "-Onone";
			};
			name = Debug;
		};
		B3E9C05E283E7DEB00B41805 /* Release */ = {
			isa = XCBuildConfiguration;
			buildSettings = {
				ALWAYS_SEARCH_USER_PATHS = NO;
				CLANG_ANALYZER_NONNULL = YES;
				CLANG_ANALYZER_NUMBER_OBJECT_CONVERSION = YES_AGGRESSIVE;
				CLANG_CXX_LANGUAGE_STANDARD = "gnu++17";
				CLANG_ENABLE_MODULES = YES;
				CLANG_ENABLE_OBJC_ARC = YES;
				CLANG_ENABLE_OBJC_WEAK = YES;
				CLANG_WARN_BLOCK_CAPTURE_AUTORELEASING = YES;
				CLANG_WARN_BOOL_CONVERSION = YES;
				CLANG_WARN_COMMA = YES;
				CLANG_WARN_CONSTANT_CONVERSION = YES;
				CLANG_WARN_DEPRECATED_OBJC_IMPLEMENTATIONS = YES;
				CLANG_WARN_DIRECT_OBJC_ISA_USAGE = YES_ERROR;
				CLANG_WARN_DOCUMENTATION_COMMENTS = YES;
				CLANG_WARN_EMPTY_BODY = YES;
				CLANG_WARN_ENUM_CONVERSION = YES;
				CLANG_WARN_INFINITE_RECURSION = YES;
				CLANG_WARN_INT_CONVERSION = YES;
				CLANG_WARN_NON_LITERAL_NULL_CONVERSION = YES;
				CLANG_WARN_OBJC_IMPLICIT_RETAIN_SELF = YES;
				CLANG_WARN_OBJC_LITERAL_CONVERSION = YES;
				CLANG_WARN_OBJC_ROOT_CLASS = YES_ERROR;
				CLANG_WARN_QUOTED_INCLUDE_IN_FRAMEWORK_HEADER = YES;
				CLANG_WARN_RANGE_LOOP_ANALYSIS = YES;
				CLANG_WARN_STRICT_PROTOTYPES = YES;
				CLANG_WARN_SUSPICIOUS_MOVE = YES;
				CLANG_WARN_UNGUARDED_AVAILABILITY = YES_AGGRESSIVE;
				CLANG_WARN_UNREACHABLE_CODE = YES;
				CLANG_WARN__DUPLICATE_METHOD_MATCH = YES;
				COPY_PHASE_STRIP = NO;
				DEBUG_INFORMATION_FORMAT = "dwarf-with-dsym";
				ENABLE_NS_ASSERTIONS = NO;
				ENABLE_STRICT_OBJC_MSGSEND = YES;
				GCC_C_LANGUAGE_STANDARD = gnu11;
				GCC_NO_COMMON_BLOCKS = YES;
				GCC_WARN_64_TO_32_BIT_CONVERSION = YES;
				GCC_WARN_ABOUT_RETURN_TYPE = YES_ERROR;
				GCC_WARN_UNDECLARED_SELECTOR = YES;
				GCC_WARN_UNINITIALIZED_AUTOS = YES_AGGRESSIVE;
				GCC_WARN_UNUSED_FUNCTION = YES;
				GCC_WARN_UNUSED_VARIABLE = YES;
				IPHONEOS_DEPLOYMENT_TARGET = 15.5;
				MTL_ENABLE_DEBUG_INFO = NO;
				MTL_FAST_MATH = YES;
				SDKROOT = iphoneos;
				SWIFT_COMPILATION_MODE = wholemodule;
				SWIFT_OPTIMIZATION_LEVEL = "-O";
				VALIDATE_PRODUCT = YES;
			};
			name = Release;
		};
		B3E9C060283E7DEB00B41805 /* Debug */ = {
			isa = XCBuildConfiguration;
			buildSettings = {
				ASSETCATALOG_COMPILER_APPICON_NAME = AppIcon;
				ASSETCATALOG_COMPILER_GLOBAL_ACCENT_COLOR_NAME = AccentColor;
				CODE_SIGN_STYLE = Automatic;
				CURRENT_PROJECT_VERSION = 1;
				DEVELOPMENT_TEAM = 9BBFZAF3Y8;
				GENERATE_INFOPLIST_FILE = YES;
				INFOPLIST_FILE = My_App/Info.plist;
				INFOPLIST_KEY_UIApplicationSupportsIndirectInputEvents = YES;
				INFOPLIST_KEY_UILaunchStoryboardName = LaunchScreen;
				INFOPLIST_KEY_UIMainStoryboardFile = Main;
				INFOPLIST_KEY_UISupportedInterfaceOrientations_iPad = "UIInterfaceOrientationPortrait UIInterfaceOrientationPortraitUpsideDown UIInterfaceOrientationLandscapeLeft UIInterfaceOrientationLandscapeRight";
				INFOPLIST_KEY_UISupportedInterfaceOrientations_iPhone = "UIInterfaceOrientationPortrait UIInterfaceOrientationLandscapeLeft UIInterfaceOrientationLandscapeRight";
				LD_RUNPATH_SEARCH_PATHS = (
					"$(inherited)",
					"@executable_path/Frameworks",
				);
				MARKETING_VERSION = 1.0;
				PRODUCT_BUNDLE_IDENTIFIER = "Ulan.My-App";
				PRODUCT_NAME = "$(TARGET_NAME)";
				SWIFT_EMIT_LOC_STRINGS = YES;
				SWIFT_VERSION = 5.0;
				TARGETED_DEVICE_FAMILY = "1,2";
			};
			name = Debug;
		};
		B3E9C061283E7DEB00B41805 /* Release */ = {
			isa = XCBuildConfiguration;
			buildSettings = {
				ASSETCATALOG_COMPILER_APPICON_NAME = AppIcon;
				ASSETCATALOG_COMPILER_GLOBAL_ACCENT_COLOR_NAME = AccentColor;
				CODE_SIGN_STYLE = Automatic;
				CURRENT_PROJECT_VERSION = 1;
				DEVELOPMENT_TEAM = 9BBFZAF3Y8;
				GENERATE_INFOPLIST_FILE = YES;
				INFOPLIST_FILE = My_App/Info.plist;
				INFOPLIST_KEY_UIApplicationSupportsIndirectInputEvents = YES;
				INFOPLIST_KEY_UILaunchStoryboardName = LaunchScreen;
				INFOPLIST_KEY_UIMainStoryboardFile = Main;
				INFOPLIST_KEY_UISupportedInterfaceOrientations_iPad = "UIInterfaceOrientationPortrait UIInterfaceOrientationPortraitUpsideDown UIInterfaceOrientationLandscapeLeft UIInterfaceOrientationLandscapeRight";
				INFOPLIST_KEY_UISupportedInterfaceOrientations_iPhone = "UIInterfaceOrientationPortrait UIInterfaceOrientationLandscapeLeft UIInterfaceOrientationLandscapeRight";
				LD_RUNPATH_SEARCH_PATHS = (
					"$(inherited)",
					"@executable_path/Frameworks",
				);
				MARKETING_VERSION = 1.0;
				PRODUCT_BUNDLE_IDENTIFIER = "Ulan.My-App";
				PRODUCT_NAME = "$(TARGET_NAME)";
				SWIFT_EMIT_LOC_STRINGS = YES;
				SWIFT_VERSION = 5.0;
				TARGETED_DEVICE_FAMILY = "1,2";
			};
			name = Release;
		};
/* End XCBuildConfiguration section */

/* Begin XCConfigurationList section */
		B3E9C046283E7DE800B41805 /* Build configuration list for PBXProject "My_App" */ = {
			isa = XCConfigurationList;
			buildConfigurations = (
				B3E9C05D283E7DEB00B41805 /* Debug */,
				B3E9C05E283E7DEB00B41805 /* Release */,
			);
			defaultConfigurationIsVisible = 0;
			defaultConfigurationName = Release;
		};
		B3E9C05F283E7DEB00B41805 /* Build configuration list for PBXNativeTarget "My_App" */ = {
			isa = XCConfigurationList;
			buildConfigurations = (
				B3E9C060283E7DEB00B41805 /* Debug */,
				B3E9C061283E7DEB00B41805 /* Release */,
			);
			defaultConfigurationIsVisible = 0;
			defaultConfigurationName = Release;
		};
/* End XCConfigurationList section */
	};
	rootObject = B3E9C043283E7DE800B41805 /* Project object */;
}
